{
  "name": "tcp-network-toolkit",
  "version": "5.0.0",
  "lockfileVersion": 1,
  "requires": true,
  "dependencies": {
    "async": {
      "version": "2.6.1",
      "resolved": "https://registry.npmjs.org/async/-/async-2.6.1.tgz",
      "integrity": "sha512-fNEiL2+AZt6AlAw/29Cr0UDe4sRAHCpEHh54WMz+Bb7QfNcFw4h3loofyJpLeQs4Yx7yuqu/2dLgM5hKOs6HlQ==",
      "requires": {
        "lodash": "^4.17.10"
      }
    },
    "clone-deep": {
      "version": "4.0.0",
      "resolved": "https://registry.npmjs.org/clone-deep/-/clone-deep-4.0.0.tgz",
      "integrity": "sha512-aNJ5/7Bz2IYBb7nIj34TLGk78lBXpXUgV9qsLngtTvJ9+scsZNnlU0OX2S2N4ax/sUQt7sDBkXiGjGJEmNbXOQ==",
      "requires": {
        "kind-of": "^6.0.2",
        "shallow-clone": "^3.0.0"
      }
    },
    "extended-buffer": {
      "version": "5.0.2",
      "resolved": "https://registry.npmjs.org/extended-buffer/-/extended-buffer-5.0.2.tgz",
      "integrity": "sha512-LD5hbZMqBJ1jzV8hWqg4SyovnPhwiW9BT9n5hZRQkJ/Y3TJUZoYG0ZOYgbyhKWRNfwreMlu4bL89xxX6JRK0yQ=="
    },
    "kind-of": {
      "version": "6.0.2",
      "resolved": "https://registry.npmjs.org/kind-of/-/kind-of-6.0.2.tgz",
      "integrity": "sha512-s5kLOcnH0XqDO+FvuaLX8DDjZ18CGFk7VygH40QoKPUQhW4e2rvM0rwUq0t8IQDOwYSeLK01U90OjzBTme2QqA=="
    },
    "lodash": {
      "version": "4.17.11",
      "resolved": "https://registry.npmjs.org/lodash/-/lodash-4.17.11.tgz",
      "integrity": "sha512-cQKh8igo5QUhZ7lg38DYWAxMvjSAKG0A8wGSVimP07SIUEK2UO+arSRKbRZWtelMtN5V0Hkwh5ryOto/SshYIg=="
    },
    "shallow-clone": {
      "version": "3.0.0",
      "resolved": "https://registry.npmjs.org/shallow-clone/-/shallow-clone-3.0.0.tgz",
      "integrity": "sha512-Drg+nOI+ofeuslBf0nulyWLZhK1BZprqNvPJaiB4VvES+9gC6GG+qOVAfuO12zVSgxq9SKevcme7S3uDT6Be8w==",
      "requires": {
        "kind-of": "^6.0.2"
      }
    }
  }
}
