{
  "name": "tcp-network-toolkit",
  "version": "6.3.1",
  "lockfileVersion": 1,
  "requires": true,
  "dependencies": {
    "async": {
      "version": "2.6.1",
      "resolved": "https://registry.npmjs.org/async/-/async-2.6.1.tgz",
      "integrity": "sha512-fNEiL2+AZt6AlAw/29Cr0UDe4sRAHCpEHh54WMz+Bb7QfNcFw4h3loofyJpLeQs4Yx7yuqu/2dLgM5hKOs6HlQ==",
      "requires": {
        "lodash": "^4.17.10"
      }
    },
    "extended-buffer": {
      "version": "5.0.3",
      "resolved": "https://registry.npmjs.org/extended-buffer/-/extended-buffer-5.0.3.tgz",
      "integrity": "sha512-SjxbpQDtGvWocY7A2buFs3aa/Z+VgHICFFl5sI08sjw+5W3Ht9vyCB40I96cqFGBvCHKSDs2PtfbmqqhWr0GYA=="
    },
    "lodash": {
      "version": "4.17.11",
      "resolved": "https://registry.npmjs.org/lodash/-/lodash-4.17.11.tgz",
      "integrity": "sha512-cQKh8igo5QUhZ7lg38DYWAxMvjSAKG0A8wGSVimP07SIUEK2UO+arSRKbRZWtelMtN5V0Hkwh5ryOto/SshYIg=="
    }
  }
}
