{
  "name": "tcp-network-toolkit",
  "version": "9.1.6",
  "lockfileVersion": 1,
  "requires": true,
  "dependencies": {
    "@types/node": {
      "version": "14.6.0",
      "resolved": "https://registry.npmjs.org/@types/node/-/node-14.6.0.tgz",
      "integrity": "sha512-mikldZQitV94akrc4sCcSjtJfsTKt4p+e/s0AGscVA6XArQ9kFclP+ZiYUMnq987rc6QlYxXv/EivqlfSLxpKA==",
      "dev": true
    },
    "extended-buffer": {
      "version": "6.0.4",
      "resolved": "https://registry.npmjs.org/extended-buffer/-/extended-buffer-6.0.4.tgz",
      "integrity": "sha512-ZB7vbo6e5qiw7KC9NtqgfsnwanXhIg1ZwgKwMi97fCYoj/7EzoHnzyYb7TT7jJluQfwqibGqy9i+n0wo0K52ZQ=="
    },
    "typescript": {
      "version": "4.0.2",
      "resolved": "https://registry.npmjs.org/typescript/-/typescript-4.0.2.tgz",
      "integrity": "sha512-e4ERvRV2wb+rRZ/IQeb3jm2VxBsirQLpQhdxplZ2MEzGvDkkMmPglecnNDfSUBivMjP93vRbngYYDQqQ/78bcQ==",
      "dev": true
    }
  }
}
